
Microsoft Visual Studio Solution File, Format Version 12.00
# Visual Studio Version 16
VisualStudioVersion = 16.0.29519.87
MinimumVisualStudioVersion = 10.0.40219.1
Project("{9A19103F-16F7-4668-BE54-9A1E7A4F7556}") = "VendingMachineKata", "VendingMachineKata\VendingMachineKata.csproj", "{31363DAD-E2EB-4DD5-AD49-BD45A2EE7729}"
EndProject
Project("{9A19103F-16F7-4668-BE54-9A1E7A4F7556}") = "VendingMachineKata.Tests", "VendingMachineKata.Tests\VendingMachineKata.Tests.csproj", "{571430E0-5750-4666-BC11-3420AF746AF8}"
EndProject
Project("{9A19103F-16F7-4668-BE54-9A1E7A4F7556}") = "VendingMachineKata.PropertyTesting", "VendingMachineKata.PropertyTesting\VendingMachineKata.PropertyTesting.csproj", "{27D04148-07B9-48C7-89EF-54FD0DB77428}"
EndProject
Project("{FAE04EC0-301F-11D3-BF4B-00C04F79EFBC}") = "BDDTests", "BDDTests\BDDTests.csproj", "{3EFAA453-03D0-4C14-B9F7-FB71275D8383}"
EndProject
Global
	GlobalSection(SolutionConfigurationPlatforms) = preSolution
		Debug|Any CPU = Debug|Any CPU
		Release|Any CPU = Release|Any CPU
	EndGlobalSection
	GlobalSection(ProjectConfigurationPlatforms) = postSolution
		{31363DAD-E2EB-4DD5-AD49-BD45A2EE7729}.Debug|Any CPU.ActiveCfg = Debug|Any CPU
		{31363DAD-E2EB-4DD5-AD49-BD45A2EE7729}.Debug|Any CPU.Build.0 = Debug|Any CPU
		{31363DAD-E2EB-4DD5-AD49-BD45A2EE7729}.Release|Any CPU.ActiveCfg = Release|Any CPU
		{31363DAD-E2EB-4DD5-AD49-BD45A2EE7729}.Release|Any CPU.Build.0 = Release|Any CPU
		{571430E0-5750-4666-BC11-3420AF746AF8}.Debug|Any CPU.ActiveCfg = Debug|Any CPU
		{571430E0-5750-4666-BC11-3420AF746AF8}.Debug|Any CPU.Build.0 = Debug|Any CPU
		{571430E0-5750-4666-BC11-3420AF746AF8}.Release|Any CPU.ActiveCfg = Release|Any CPU
		{571430E0-5750-4666-BC11-3420AF746AF8}.Release|Any CPU.Build.0 = Release|Any CPU
		{27D04148-07B9-48C7-89EF-54FD0DB77428}.Debug|Any CPU.ActiveCfg = Debug|Any CPU
		{27D04148-07B9-48C7-89EF-54FD0DB77428}.Debug|Any CPU.Build.0 = Debug|Any CPU
		{27D04148-07B9-48C7-89EF-54FD0DB77428}.Release|Any CPU.ActiveCfg = Release|Any CPU
		{27D04148-07B9-48C7-89EF-54FD0DB77428}.Release|Any CPU.Build.0 = Release|Any CPU
		{3EFAA453-03D0-4C14-B9F7-FB71275D8383}.Debug|Any CPU.ActiveCfg = Debug|Any CPU
		{3EFAA453-03D0-4C14-B9F7-FB71275D8383}.Debug|Any CPU.Build.0 = Debug|Any CPU
		{3EFAA453-03D0-4C14-B9F7-FB71275D8383}.Release|Any CPU.ActiveCfg = Release|Any CPU
		{3EFAA453-03D0-4C14-B9F7-FB71275D8383}.Release|Any CPU.Build.0 = Release|Any CPU
	EndGlobalSection
	GlobalSection(SolutionProperties) = preSolution
		HideSolutionNode = FALSE
	EndGlobalSection
	GlobalSection(ExtensibilityGlobals) = postSolution
		SolutionGuid = {2942B36C-F082-401D-8E5E-BE38D43CB380}
	EndGlobalSection
EndGlobal
